
Microsoft Visual Studio Solution File, Format Version 12.00
# Visual Studio Version 16
VisualStudioVersion = 16.0.30011.22
MinimumVisualStudioVersion = 10.0.40219.1
Project("{FAE04EC0-301F-11D3-BF4B-00C04F79EFBC}") = "ProjectApp.Android", "ProjectApp\ProjectApp.Android\ProjectApp.Android.csproj", "{5E8D1DF7-1FE8-45B1-8C15-E8127D5358C9}"
EndProject
Project("{FAE04EC0-301F-11D3-BF4B-00C04F79EFBC}") = "ProjectApp.iOS", "ProjectApp\ProjectApp.iOS\ProjectApp.iOS.csproj", "{E0F6F648-CBA4-47F0-86C4-C365D2623F4E}"
EndProject
Project("{FAE04EC0-301F-11D3-BF4B-00C04F79EFBC}") = "ProjectApp", "ProjectApp\ProjectApp\ProjectApp.csproj", "{0F36EA38-9EEA-4F34-8E37-C59D251DB5F5}"
EndProject
Global
	GlobalSection(SolutionConfigurationPlatforms) = preSolution
		Debug|Any CPU = Debug|Any CPU
		Debug|iPhone = Debug|iPhone
		Debug|iPhoneSimulator = Debug|iPhoneSimulator
		Release|Any CPU = Release|Any CPU
		Release|iPhone = Release|iPhone
		Release|iPhoneSimulator = Release|iPhoneSimulator
	EndGlobalSection
	GlobalSection(ProjectConfigurationPlatforms) = postSolution
		{5E8D1DF7-1FE8-45B1-8C15-E8127D5358C9}.Debug|Any CPU.ActiveCfg = Debug|Any CPU
		{5E8D1DF7-1FE8-45B1-8C15-E8127D5358C9}.Debug|Any CPU.Build.0 = Debug|Any CPU
		{5E8D1DF7-1FE8-45B1-8C15-E8127D5358C9}.Debug|Any CPU.Deploy.0 = Debug|Any CPU
		{5E8D1DF7-1FE8-45B1-8C15-E8127D5358C9}.Debug|iPhone.ActiveCfg = Debug|Any CPU
		{5E8D1DF7-1FE8-45B1-8C15-E8127D5358C9}.Debug|iPhone.Build.0 = Debug|Any CPU
		{5E8D1DF7-1FE8-45B1-8C15-E8127D5358C9}.Debug|iPhone.Deploy.0 = Debug|Any CPU
		{5E8D1DF7-1FE8-45B1-8C15-E8127D5358C9}.Debug|iPhoneSimulator.ActiveCfg = Debug|Any CPU
		{5E8D1DF7-1FE8-45B1-8C15-E8127D5358C9}.Debug|iPhoneSimulator.Build.0 = Debug|Any CPU
		{5E8D1DF7-1FE8-45B1-8C15-E8127D5358C9}.Debug|iPhoneSimulator.Deploy.0 = Debug|Any CPU
		{5E8D1DF7-1FE8-45B1-8C15-E8127D5358C9}.Release|Any CPU.ActiveCfg = Release|Any CPU
		{5E8D1DF7-1FE8-45B1-8C15-E8127D5358C9}.Release|Any CPU.Build.0 = Release|Any CPU
		{5E8D1DF7-1FE8-45B1-8C15-E8127D5358C9}.Release|Any CPU.Deploy.0 = Release|Any CPU
		{5E8D1DF7-1FE8-45B1-8C15-E8127D5358C9}.Release|iPhone.ActiveCfg = Release|Any CPU
		{5E8D1DF7-1FE8-45B1-8C15-E8127D5358C9}.Release|iPhone.Build.0 = Release|Any CPU
		{5E8D1DF7-1FE8-45B1-8C15-E8127D5358C9}.Release|iPhone.Deploy.0 = Release|Any CPU
		{5E8D1DF7-1FE8-45B1-8C15-E8127D5358C9}.Release|iPhoneSimulator.ActiveCfg = Release|Any CPU
		{5E8D1DF7-1FE8-45B1-8C15-E8127D5358C9}.Release|iPhoneSimulator.Build.0 = Release|Any CPU
		{5E8D1DF7-1FE8-45B1-8C15-E8127D5358C9}.Release|iPhoneSimulator.Deploy.0 = Release|Any CPU
		{E0F6F648-CBA4-47F0-86C4-C365D2623F4E}.Debug|Any CPU.ActiveCfg = Debug|iPhone
		{E0F6F648-CBA4-47F0-86C4-C365D2623F4E}.Debug|Any CPU.Build.0 = Debug|iPhone
		{E0F6F648-CBA4-47F0-86C4-C365D2623F4E}.Debug|Any CPU.Deploy.0 = Debug|iPhone
		{E0F6F648-CBA4-47F0-86C4-C365D2623F4E}.Debug|iPhone.ActiveCfg = Debug|iPhone
		{E0F6F648-CBA4-47F0-86C4-C365D2623F4E}.Debug|iPhone.Build.0 = Debug|iPhone
		{E0F6F648-CBA4-47F0-86C4-C365D2623F4E}.Debug|iPhone.Deploy.0 = Debug|iPhone
		{E0F6F648-CBA4-47F0-86C4-C365D2623F4E}.Debug|iPhoneSimulator.ActiveCfg = Debug|iPhoneSimulator
		{E0F6F648-CBA4-47F0-86C4-C365D2623F4E}.Debug|iPhoneSimulator.Build.0 = Debug|iPhoneSimulator
		{E0F6F648-CBA4-47F0-86C4-C365D2623F4E}.Debug|iPhoneSimulator.Deploy.0 = Debug|iPhoneSimulator
		{E0F6F648-CBA4-47F0-86C4-C365D2623F4E}.Release|Any CPU.ActiveCfg = Release|iPhone
		{E0F6F648-CBA4-47F0-86C4-C365D2623F4E}.Release|Any CPU.Build.0 = Release|iPhone
		{E0F6F648-CBA4-47F0-86C4-C365D2623F4E}.Release|Any CPU.Deploy.0 = Release|iPhone
		{E0F6F648-CBA4-47F0-86C4-C365D2623F4E}.Release|iPhone.ActiveCfg = Release|iPhone
		{E0F6F648-CBA4-47F0-86C4-C365D2623F4E}.Release|iPhone.Build.0 = Release|iPhone
		{E0F6F648-CBA4-47F0-86C4-C365D2623F4E}.Release|iPhone.Deploy.0 = Release|iPhone
		{E0F6F648-CBA4-47F0-86C4-C365D2623F4E}.Release|iPhoneSimulator.ActiveCfg = Release|iPhoneSimulator
		{E0F6F648-CBA4-47F0-86C4-C365D2623F4E}.Release|iPhoneSimulator.Build.0 = Release|iPhoneSimulator
		{E0F6F648-CBA4-47F0-86C4-C365D2623F4E}.Release|iPhoneSimulator.Deploy.0 = Release|iPhoneSimulator
		{0F36EA38-9EEA-4F34-8E37-C59D251DB5F5}.Debug|Any CPU.ActiveCfg = Debug|Any CPU
		{0F36EA38-9EEA-4F34-8E37-C59D251DB5F5}.Debug|Any CPU.Build.0 = Debug|Any CPU
		{0F36EA38-9EEA-4F34-8E37-C59D251DB5F5}.Debug|Any CPU.Deploy.0 = Debug|Any CPU
		{0F36EA38-9EEA-4F34-8E37-C59D251DB5F5}.Debug|iPhone.ActiveCfg = Debug|Any CPU
		{0F36EA38-9EEA-4F34-8E37-C59D251DB5F5}.Debug|iPhone.Build.0 = Debug|Any CPU
		{0F36EA38-9EEA-4F34-8E37-C59D251DB5F5}.Debug|iPhone.Deploy.0 = Debug|Any CPU
		{0F36EA38-9EEA-4F34-8E37-C59D251DB5F5}.Debug|iPhoneSimulator.ActiveCfg = Debug|Any CPU
		{0F36EA38-9EEA-4F34-8E37-C59D251DB5F5}.Debug|iPhoneSimulator.Build.0 = Debug|Any CPU
		{0F36EA38-9EEA-4F34-8E37-C59D251DB5F5}.Debug|iPhoneSimulator.Deploy.0 = Debug|Any CPU
		{0F36EA38-9EEA-4F34-8E37-C59D251DB5F5}.Release|Any CPU.ActiveCfg = Release|Any CPU
		{0F36EA38-9EEA-4F34-8E37-C59D251DB5F5}.Release|Any CPU.Build.0 = Release|Any CPU
		{0F36EA38-9EEA-4F34-8E37-C59D251DB5F5}.Release|Any CPU.Deploy.0 = Release|Any CPU
		{0F36EA38-9EEA-4F34-8E37-C59D251DB5F5}.Release|iPhone.ActiveCfg = Release|Any CPU
		{0F36EA38-9EEA-4F34-8E37-C59D251DB5F5}.Release|iPhone.Build.0 = Release|Any CPU
		{0F36EA38-9EEA-4F34-8E37-C59D251DB5F5}.Release|iPhone.Deploy.0 = Release|Any CPU
		{0F36EA38-9EEA-4F34-8E37-C59D251DB5F5}.Release|iPhoneSimulator.ActiveCfg = Release|Any CPU
		{0F36EA38-9EEA-4F34-8E37-C59D251DB5F5}.Release|iPhoneSimulator.Build.0 = Release|Any CPU
		{0F36EA38-9EEA-4F34-8E37-C59D251DB5F5}.Release|iPhoneSimulator.Deploy.0 = Release|Any CPU
	EndGlobalSection
	GlobalSection(SolutionProperties) = preSolution
		HideSolutionNode = FALSE
	EndGlobalSection
	GlobalSection(ExtensibilityGlobals) = postSolution
		SolutionGuid = {B7BF8D3F-C6BE-43EC-AC18-89C3A9A2788F}
	EndGlobalSection
EndGlobal
